
Microsoft Visual Studio Solution File, Format Version 12.00
# Visual Studio Version 17
VisualStudioVersion = 17.14.36603.0 d17.14
MinimumVisualStudioVersion = 10.0.40219.1
Project("{FAE04EC0-301F-11D3-BF4B-00C04F79EFBC}") = "poc-lengacy-transformer-01", "poc-lengacy-transformer-01\poc-lengacy-transformer-01.csproj", "{6002ABB7-D567-434A-AA64-17FEC371E9CD}"
EndProject
Global
	GlobalSection(SolutionConfigurationPlatforms) = preSolution
		Debug|Any CPU = Debug|Any CPU
		Release|Any CPU = Release|Any CPU
	EndGlobalSection
	GlobalSection(ProjectConfigurationPlatforms) = postSolution
		{6002ABB7-D567-434A-AA64-17FEC371E9CD}.Debug|Any CPU.ActiveCfg = Debug|Any CPU
		{6002ABB7-D567-434A-AA64-17FEC371E9CD}.Debug|Any CPU.Build.0 = Debug|Any CPU
		{6002ABB7-D567-434A-AA64-17FEC371E9CD}.Release|Any CPU.ActiveCfg = Release|Any CPU
		{6002ABB7-D567-434A-AA64-17FEC371E9CD}.Release|Any CPU.Build.0 = Release|Any CPU
	EndGlobalSection
	GlobalSection(SolutionProperties) = preSolution
		HideSolutionNode = FALSE
	EndGlobalSection
	GlobalSection(ExtensibilityGlobals) = postSolution
		SolutionGuid = {2FB8D2BD-AEC5-4B3A-915F-454EDF82CA78}
	EndGlobalSection
EndGlobal
